
Microsoft Visual Studio Solution File, Format Version 12.00
# Visual Studio Version 17
VisualStudioVersion = 17.4.33403.182
MinimumVisualStudioVersion = 10.0.40219.1
Project("{9A19103F-16F7-4668-BE54-9A1E7A4F7556}") = "SampleApi", "SampleApi\SampleApi.csproj", "{764A78E3-5BDD-4ADC-A8B7-19CA2B21BE98}"
EndProject
Project("{9A19103F-16F7-4668-BE54-9A1E7A4F7556}") = "SampleApi.Models", "SampleApi.Models\SampleApi.Models.csproj", "{F5F373C2-ED88-403B-84FB-DD3C2E9A37CD}"
EndProject
Project("{9A19103F-16F7-4668-BE54-9A1E7A4F7556}") = "Exo_Linq_Context", "Exo_Linq_Context\Exo_Linq_Context.csproj", "{DAFC6EAC-8AE0-43DE-88C7-6BAB3A9EE101}"
EndProject
Project("{FAE04EC0-301F-11D3-BF4B-00C04F79EFBC}") = "SampleApi.Entities", "SampleApi.Entities\SampleApi.Entities.csproj", "{33A6CC33-927E-49A6-8FB3-0D9428DE309E}"
EndProject
Project("{FAE04EC0-301F-11D3-BF4B-00C04F79EFBC}") = "SampleApi.Repositories", "SampleApi.Repositories\SampleApi.Repositories.csproj", "{2D4F2B73-F371-4672-861E-89D10BE94DE9}"
EndProject
Global
	GlobalSection(SolutionConfigurationPlatforms) = preSolution
		Debug|Any CPU = Debug|Any CPU
		Release|Any CPU = Release|Any CPU
	EndGlobalSection
	GlobalSection(ProjectConfigurationPlatforms) = postSolution
		{764A78E3-5BDD-4ADC-A8B7-19CA2B21BE98}.Debug|Any CPU.ActiveCfg = Debug|Any CPU
		{764A78E3-5BDD-4ADC-A8B7-19CA2B21BE98}.Debug|Any CPU.Build.0 = Debug|Any CPU
		{764A78E3-5BDD-4ADC-A8B7-19CA2B21BE98}.Release|Any CPU.ActiveCfg = Release|Any CPU
		{764A78E3-5BDD-4ADC-A8B7-19CA2B21BE98}.Release|Any CPU.Build.0 = Release|Any CPU
		{F5F373C2-ED88-403B-84FB-DD3C2E9A37CD}.Debug|Any CPU.ActiveCfg = Debug|Any CPU
		{F5F373C2-ED88-403B-84FB-DD3C2E9A37CD}.Debug|Any CPU.Build.0 = Debug|Any CPU
		{F5F373C2-ED88-403B-84FB-DD3C2E9A37CD}.Release|Any CPU.ActiveCfg = Release|Any CPU
		{F5F373C2-ED88-403B-84FB-DD3C2E9A37CD}.Release|Any CPU.Build.0 = Release|Any CPU
		{DAFC6EAC-8AE0-43DE-88C7-6BAB3A9EE101}.Debug|Any CPU.ActiveCfg = Debug|Any CPU
		{DAFC6EAC-8AE0-43DE-88C7-6BAB3A9EE101}.Debug|Any CPU.Build.0 = Debug|Any CPU
		{DAFC6EAC-8AE0-43DE-88C7-6BAB3A9EE101}.Release|Any CPU.ActiveCfg = Release|Any CPU
		{DAFC6EAC-8AE0-43DE-88C7-6BAB3A9EE101}.Release|Any CPU.Build.0 = Release|Any CPU
		{33A6CC33-927E-49A6-8FB3-0D9428DE309E}.Debug|Any CPU.ActiveCfg = Debug|Any CPU
		{33A6CC33-927E-49A6-8FB3-0D9428DE309E}.Debug|Any CPU.Build.0 = Debug|Any CPU
		{33A6CC33-927E-49A6-8FB3-0D9428DE309E}.Release|Any CPU.ActiveCfg = Release|Any CPU
		{33A6CC33-927E-49A6-8FB3-0D9428DE309E}.Release|Any CPU.Build.0 = Release|Any CPU
		{2D4F2B73-F371-4672-861E-89D10BE94DE9}.Debug|Any CPU.ActiveCfg = Debug|Any CPU
		{2D4F2B73-F371-4672-861E-89D10BE94DE9}.Debug|Any CPU.Build.0 = Debug|Any CPU
		{2D4F2B73-F371-4672-861E-89D10BE94DE9}.Release|Any CPU.ActiveCfg = Release|Any CPU
		{2D4F2B73-F371-4672-861E-89D10BE94DE9}.Release|Any CPU.Build.0 = Release|Any CPU
	EndGlobalSection
	GlobalSection(SolutionProperties) = preSolution
		HideSolutionNode = FALSE
	EndGlobalSection
	GlobalSection(ExtensibilityGlobals) = postSolution
		SolutionGuid = {4C98C70A-A04F-4B5F-B16D-CA5471256602}
	EndGlobalSection
EndGlobal
